
Microsoft Visual Studio Solution File, Format Version 12.00
# Visual Studio Version 16
VisualStudioVersion = 25.0.1706.4
MinimumVisualStudioVersion = 10.0.40219.1
Project("{FAE04EC0-301F-11D3-BF4B-00C04F79EFBC}") = "Debug", "Debug\Debug.csproj", "{DC27A047-6B4B-476B-A849-45CB9DDC0A2D}"
EndProject
Global
	GlobalSection(SolutionConfigurationPlatforms) = preSolution
		Debug|Any CPU = Debug|Any CPU
		Release|Any CPU = Release|Any CPU
	EndGlobalSection
	GlobalSection(ProjectConfigurationPlatforms) = postSolution
		{DC27A047-6B4B-476B-A849-45CB9DDC0A2D}.Debug|Any CPU.ActiveCfg = Debug|Any CPU
		{DC27A047-6B4B-476B-A849-45CB9DDC0A2D}.Debug|Any CPU.Build.0 = Debug|Any CPU
		{DC27A047-6B4B-476B-A849-45CB9DDC0A2D}.Release|Any CPU.ActiveCfg = Release|Any CPU
		{DC27A047-6B4B-476B-A849-45CB9DDC0A2D}.Release|Any CPU.Build.0 = Release|Any CPU
	EndGlobalSection
	GlobalSection(SolutionProperties) = preSolution
		HideSolutionNode = FALSE
	EndGlobalSection
	GlobalSection(ExtensibilityGlobals) = postSolution
		SolutionGuid = {C2CAF9E0-6A6B-42F2-93A4-EC308E886849}
	EndGlobalSection
EndGlobal
